{
  "nodes": {
    "library_a": {
      "flake": false,
      "locked": {
        "lastModified": 1750663746,
        "narHash": "sha256-jkUdK20dmnISRy1rvVi7550hLKrOEzrdbxZ+FIqoxrE=",
        "path": "/home/thorb/Code/Sandkasse/lib1/",
        "type": "path"
      },
      "original": {
        "path": "/home/thorb/Code/Sandkasse/lib1/",
        "type": "path"
      }
    },
    "library_b": {
      "flake": false,
      "locked": {
        "lastModified": 1750663666,
        "narHash": "sha256-YlokN6vnEs9TTukaVpwHh66RXd4wk3lN2y99+Cmpj6o=",
        "path": "/home/thorb/Code/Sandkasse/lib2/",
        "type": "path"
      },
      "original": {
        "path": "/home/thorb/Code/Sandkasse/lib2/",
        "type": "path"
      }
    },
    "nixpkgs": {
      "locked": {
        "lastModified": 1735563628,
        "narHash": "sha256-OnSAY7XDSx7CtDoqNh8jwVwh4xNL/2HaJxGjryLWzX8=",
        "owner": "NixOS",
        "repo": "nixpkgs",
        "rev": "b134951a4c9f3c995fd7be05f3243f8ecd65d798",
        "type": "github"
      },
      "original": {
        "owner": "NixOS",
        "ref": "nixos-24.05",
        "repo": "nixpkgs",
        "type": "github"
      }
    },
    "root": {
      "inputs": {
        "library_a": "library_a",
        "library_b": "library_b",
        "nixpkgs": "nixpkgs"
      }
    }
  },
  "root": "root",
  "version": 7
}
